PODS:
  - DKCamera (1.6.4)
  - DKImagePickerController/Camera (4.1.5):
    - DKCamera
    - DKImagePickerController/Core
  - DKImagePickerController/Core (4.1.5):
    - DKImagePickerController/ImageDataManager
    - DKImagePickerController/Resource
  - DKImagePickerController/ImageDataManager (4.1.5)
  - DKImagePickerController/InlineCamera (4.1.5):
    - DKCamera
    - DKImagePickerController/Core
  - DKImagePickerController/PhotoGallery (4.1.5):
    - DKImagePickerController/Core
    - DKPhotoGallery
  - DKImagePickerController/Resource (4.1.5)
  - DKPhotoGallery (0.0.13):
    - DKPhotoGallery/Core (= 0.0.13)
    - DKPhotoGallery/Model (= 0.0.13)
    - DKPhotoGallery/Preview (= 0.0.13)
    - DKPhotoGallery/Resource (= 0.0.13)
    - SDWebImage
    - SDWebImageFLPlugin
  - DKPhotoGallery/Core (0.0.13):
    - DKPhotoGallery/Model
    - DKPhotoGallery/Preview
    - SDWebImage
    - SDWebImageFLPlugin
  - DKPhotoGallery/Model (0.0.13):
    - SDWebImage
    - SDWebImageFLPlugin
  - DKPhotoGallery/Preview (0.0.13):
    - DKPhotoGallery/Model
    - DKPhotoGallery/Resource
    - SDWebImage
    - SDWebImageFLPlugin
  - DKPhotoGallery/Resource (0.0.13):
    - SDWebImage
    - SDWebImageFLPlugin
  - FLAnimatedImage (1.0.12)
  - IQKeyboardManagerSwift (6.4.0)
  - MGSwipeTableCell (1.6.8)
  - ReachabilitySwift (4.3.1)
  - SDWebImage (5.0.6):
    - SDWebImage/Core (= 5.0.6)
  - SDWebImage/Core (5.0.6)
  - SDWebImageFLPlugin (0.3.0):
    - FLAnimatedImage (>= 1.0.11)
    - SDWebImage/Core (~> 5.0)
  - SendBirdSDK (3.0.146)
  - SVProgressHUD (2.2.5)
  - SwiftLint (0.34.0)

DEPENDENCIES:
  - DKImagePickerController/Camera
  - DKImagePickerController/InlineCamera
  - DKImagePickerController/PhotoGallery
  - IQKeyboardManagerSwift
  - MGSwipeTableCell
  - ReachabilitySwift
  - SDWebImage
  - SendBirdSDK
  - SVProgressHUD
  - SwiftLint

SPEC REPOS:
  https://github.com/cocoapods/specs.git:
    - DKCamera
    - DKImagePickerController
    - DKPhotoGallery
    - FLAnimatedImage
    - IQKeyboardManagerSwift
    - MGSwipeTableCell
    - ReachabilitySwift
    - SDWebImage
    - SDWebImageFLPlugin
    - SendBirdSDK
    - SVProgressHUD
    - SwiftLint

SPEC CHECKSUMS:
  DKCamera: 61fa47629a39354e5111bca1fe96695de020dcb9
  DKImagePickerController: 58d6c4b316ac9bfcf6f7259866ef36cc3d985352
  DKPhotoGallery: ce7c1f629450dd07048aa30310319953785857a7
  FLAnimatedImage: 4a0b56255d9b05f18b6dd7ee06871be5d3b89e31
  IQKeyboardManagerSwift: ed9b04ee0e3067ffba543283462d619f944b05e5
  MGSwipeTableCell: dc4eca3212ed38a563b27d6aa7b3c01ce656c1e2
  ReachabilitySwift: 4032e2f59586e11e3b0ebe15b167abdd587a388b
  SDWebImage: 920f1a2ff1ca8296ad34f6e0510a1ef1d70ac965
  SDWebImageFLPlugin: cf3f4ae49f249dd785129346fd61bbc8433a88cf
  SendBirdSDK: 1a28092e753b8181f81f42fe96337d8d15e30dc9
  SVProgressHUD: 1428aafac632c1f86f62aa4243ec12008d7a51d6
  SwiftLint: 79d48a17c6565dc286c37efb8322c7b450f95c67

PODFILE CHECKSUM: c823e2f464795524ea9248d7b7a2f511cc83ca37

COCOAPODS: 1.7.4
