PODS:
  - DKCamera (1.6.4)
  - DKImagePickerController/Camera (4.2.0):
    - DKCamera
    - DKImagePickerController/Core
  - DKImagePickerController/Core (4.2.0):
    - DKImagePickerController/ImageDataManager
    - DKImagePickerController/Resource
  - DKImagePickerController/ImageDataManager (4.2.0)
  - DKImagePickerController/InlineCamera (4.2.0):
    - DKCamera
    - DKImagePickerController/Core
  - DKImagePickerController/PhotoGallery (4.2.0):
    - DKImagePickerController/Core
    - DKPhotoGallery
  - DKImagePickerController/Resource (4.2.0)
  - DKPhotoGallery (0.0.14):
    - DKPhotoGallery/Core (= 0.0.14)
    - DKPhotoGallery/Model (= 0.0.14)
    - DKPhotoGallery/Preview (= 0.0.14)
    - DKPhotoGallery/Resource (= 0.0.14)
    - SDWebImage
    - SDWebImageFLPlugin
  - DKPhotoGallery/Core (0.0.14):
    - DKPhotoGallery/Model
    - DKPhotoGallery/Preview
    - SDWebImage
    - SDWebImageFLPlugin
  - DKPhotoGallery/Model (0.0.14):
    - SDWebImage
    - SDWebImageFLPlugin
  - DKPhotoGallery/Preview (0.0.14):
    - DKPhotoGallery/Model
    - DKPhotoGallery/Resource
    - SDWebImage
    - SDWebImageFLPlugin
  - DKPhotoGallery/Resource (0.0.14):
    - SDWebImage
    - SDWebImageFLPlugin
  - FacebookCore (0.9.0):
    - FBSDKCoreKit (~> 5.0)
  - FacebookShare (0.9.0):
    - FacebookCore (~> 0.9.0)
    - FBSDKCoreKit (~> 5.0)
    - FBSDKShareKit (~> 5.0)
  - FBSDKCoreKit (5.8.0):
    - FBSDKCoreKit/Basics (= 5.8.0)
    - FBSDKCoreKit/Core (= 5.8.0)
  - FBSDKCoreKit/Basics (5.8.0)
  - FBSDKCoreKit/Core (5.8.0):
    - FBSDKCoreKit/Basics
  - FBSDKShareKit (5.8.0):
    - FBSDKShareKit/Share (= 5.8.0)
  - FBSDKShareKit/Share (5.8.0):
    - FBSDKCoreKit (~> 5.0)
  - FLAnimatedImage (1.0.12)
  - GoogleMaps/Base (3.5.0)
  - GooglePlaces (3.5.0):
    - GoogleMaps/Base (= 3.5.0)
  - IQKeyboardManagerSwift (6.5.1)
  - MGSwipeTableCell (1.6.11)
  - PanModal (1.2.4)
  - ReachabilitySwift (5.0.0)
  - SDWebImage (5.2.1):
    - SDWebImage/Core (= 5.2.1)
  - SDWebImage/Core (5.2.1)
  - SDWebImageFLPlugin (0.3.0):
    - FLAnimatedImage (>= 1.0.11)
    - SDWebImage/Core (~> 5.0)
  - SendBirdSDK (3.0.149)
  - SVProgressHUD (2.2.5)
  - SwiftLint (0.35.0)
  - UnsplashPhotoPicker (1.1.0)

DEPENDENCIES:
  - DKImagePickerController/Camera
  - DKImagePickerController/InlineCamera
  - DKImagePickerController/PhotoGallery
  - FacebookCore
  - FacebookShare
  - GooglePlaces
  - IQKeyboardManagerSwift
  - MGSwipeTableCell
  - PanModal
  - ReachabilitySwift
  - SDWebImage (= 5.2.1)
  - SendBirdSDK (= 3.0.149)
  - SVProgressHUD
  - SwiftLint
  - UnsplashPhotoPicker (~> 1.0)

SPEC REPOS:
  trunk:
    - DKCamera
    - DKImagePickerController
    - DKPhotoGallery
    - FacebookCore
    - FacebookShare
    - FBSDKCoreKit
    - FBSDKShareKit
    - FLAnimatedImage
    - GoogleMaps
    - GooglePlaces
    - IQKeyboardManagerSwift
    - MGSwipeTableCell
    - PanModal
    - ReachabilitySwift
    - SDWebImage
    - SDWebImageFLPlugin
    - SendBirdSDK
    - SVProgressHUD
    - SwiftLint
    - UnsplashPhotoPicker

SPEC CHECKSUMS:
  DKCamera: 61fa47629a39354e5111bca1fe96695de020dcb9
  DKImagePickerController: d5bfc4c8696a5d00f9ce24d42d223503546ed6c3
  DKPhotoGallery: 0290d32343574f06eaa4c26f8f2f8a1035e916be
  FacebookCore: ba86524b66cfa86d0f8e65d08faa8504a9f732dd
  FacebookShare: 85968ad1b1606c4944fb154924e425fd29184ea5
  FBSDKCoreKit: e7dcac0aabcfb09d0166998edd95fe3b05a0ce5d
  FBSDKShareKit: abc29e1bb4f9f59f679adf1ae191006d68455f96
  FLAnimatedImage: 4a0b56255d9b05f18b6dd7ee06871be5d3b89e31
  GoogleMaps: 32ca02de09de357a10ac773f2c70f1986751392d
  GooglePlaces: be6f19fe8aa6ff0b5bcccfa1b8805cc977ea1450
  IQKeyboardManagerSwift: 9ac7524fad9f9fe9a3b98c927e7772471ca546d2
  MGSwipeTableCell: b804e4e450dee439c42250be90bd50458bf67fce
  PanModal: 275f6d4d07565ddf4ed16d7be5d9cd275682d80d
  ReachabilitySwift: 985039c6f7b23a1da463388634119492ff86c825
  SDWebImage: 336f6958a13d5e8347a317cd68a9f6ee9aaaaf03
  SDWebImageFLPlugin: cf3f4ae49f249dd785129346fd61bbc8433a88cf
  SendBirdSDK: 9afafc0b44bb3ccbaf437cc83a7aeaf39c25ad8d
  SVProgressHUD: 1428aafac632c1f86f62aa4243ec12008d7a51d6
  SwiftLint: 5553187048b900c91aa03552807681bb6b027846
  UnsplashPhotoPicker: 9bbce3281825f0f61b98a53df84875e33723cd1d

PODFILE CHECKSUM: 0b92b6ada37f037319777c63e157cc14a03c0cbc

COCOAPODS: 1.8.3
