// !$*UTF8*$!
{
	archiveVersion = 1;
	classes = {
	};
	objectVersion = 51;
	objects = {

/* Begin PBXBuildFile section */
		0918E773228436990098AF35 /* ChatsViewController.swift in Sources */ = {isa = PBXBuildFile; fileRef = 0918E772228436990098AF35 /* ChatsViewController.swift */; };
		0918E775228436A40098AF35 /* ExploreViewController.swift in Sources */ = {isa = PBXBuildFile; fileRef = 0918E774228436A40098AF35 /* ExploreViewController.swift */; };
		0918E777228436AE0098AF35 /* ForumViewController.swift in Sources */ = {isa = PBXBuildFile; fileRef = 0918E776228436AE0098AF35 /* ForumViewController.swift */; };
		0918E779228436B60098AF35 /* HomeViewController.swift in Sources */ = {isa = PBXBuildFile; fileRef = 0918E778228436B60098AF35 /* HomeViewController.swift */; };
		0918E77B228436C70098AF35 /* ProfileViewController.swift in Sources */ = {isa = PBXBuildFile; fileRef = 0918E77A228436C70098AF35 /* ProfileViewController.swift */; };
		0918E77D22843D420098AF35 /* Tabbar.storyboard in Resources */ = {isa = PBXBuildFile; fileRef = 0918E77C22843D420098AF35 /* Tabbar.storyboard */; };
		0918E77F228444850098AF35 /* Home.storyboard in Resources */ = {isa = PBXBuildFile; fileRef = 0918E77E228444850098AF35 /* Home.storyboard */; };
		0918E781228444930098AF35 /* Explore.storyboard in Resources */ = {isa = PBXBuildFile; fileRef = 0918E780228444930098AF35 /* Explore.storyboard */; };
		0918E783228444A20098AF35 /* Chats.storyboard in Resources */ = {isa = PBXBuildFile; fileRef = 0918E782228444A20098AF35 /* Chats.storyboard */; };
		0918E785228444AB0098AF35 /* Forum.storyboard in Resources */ = {isa = PBXBuildFile; fileRef = 0918E784228444AB0098AF35 /* Forum.storyboard */; };
		0918E787228444B90098AF35 /* Profile.storyboard in Resources */ = {isa = PBXBuildFile; fileRef = 0918E786228444B90098AF35 /* Profile.storyboard */; };
		0992539122845CF100914E7B /* CustomTabbarViewController.swift in Sources */ = {isa = PBXBuildFile; fileRef = 0992539022845CF100914E7B /* CustomTabbarViewController.swift */; };
		0992539C22846A1D00914E7B /* HomeMediates.swift in Sources */ = {isa = PBXBuildFile; fileRef = 0992539B22846A1D00914E7B /* HomeMediates.swift */; };
		0992539E22846A3400914E7B /* HomeLogics.swift in Sources */ = {isa = PBXBuildFile; fileRef = 0992539D22846A3400914E7B /* HomeLogics.swift */; };
		1A3F55E42285C35800D42154 /* OnboardingViewController.swift in Sources */ = {isa = PBXBuildFile; fileRef = 1A3F55E32285C35800D42154 /* OnboardingViewController.swift */; };
		1A3F55E72285C38800D42154 /* OnboardingMediates.swift in Sources */ = {isa = PBXBuildFile; fileRef = 1A3F55E52285C38800D42154 /* OnboardingMediates.swift */; };
		1A3F55E82285C38800D42154 /* OnboardingLogics.swift in Sources */ = {isa = PBXBuildFile; fileRef = 1A3F55E62285C38800D42154 /* OnboardingLogics.swift */; };
		1A3F55EC2285C42600D42154 /* OnBoardingCollectionViewCell.swift in Sources */ = {isa = PBXBuildFile; fileRef = 1A3F55EA2285C42600D42154 /* OnBoardingCollectionViewCell.swift */; };
		1A3F55ED2285C42600D42154 /* OnBoardingCollectionViewCell.xib in Resources */ = {isa = PBXBuildFile; fileRef = 1A3F55EB2285C42600D42154 /* OnBoardingCollectionViewCell.xib */; };
		1A3F55F92285D11D00D42154 /* SF-Pro-Text-Heavy.otf in Resources */ = {isa = PBXBuildFile; fileRef = 1A3F55EF2285D11D00D42154 /* SF-Pro-Text-Heavy.otf */; };
		1A3F55FA2285D11D00D42154 /* SF-Pro-Display-Light.otf in Resources */ = {isa = PBXBuildFile; fileRef = 1A3F55F02285D11D00D42154 /* SF-Pro-Display-Light.otf */; };
		1A3F55FB2285D11D00D42154 /* SF-Pro-Display-Bold.otf in Resources */ = {isa = PBXBuildFile; fileRef = 1A3F55F12285D11D00D42154 /* SF-Pro-Display-Bold.otf */; };
		1A3F55FC2285D11D00D42154 /* SF-Pro-Display-Medium.otf in Resources */ = {isa = PBXBuildFile; fileRef = 1A3F55F22285D11D00D42154 /* SF-Pro-Display-Medium.otf */; };
		1A3F55FD2285D11D00D42154 /* SF-Pro-Text-Light.otf in Resources */ = {isa = PBXBuildFile; fileRef = 1A3F55F32285D11D00D42154 /* SF-Pro-Text-Light.otf */; };
		1A3F55FE2285D11D00D42154 /* SF-Pro-Display-Semibold.otf in Resources */ = {isa = PBXBuildFile; fileRef = 1A3F55F42285D11D00D42154 /* SF-Pro-Display-Semibold.otf */; };
		1A3F55FF2285D11D00D42154 /* SF-Pro-Text-Regular.otf in Resources */ = {isa = PBXBuildFile; fileRef = 1A3F55F52285D11D00D42154 /* SF-Pro-Text-Regular.otf */; };
		1A3F56002285D11D00D42154 /* SF-Pro-Text-Bold.otf in Resources */ = {isa = PBXBuildFile; fileRef = 1A3F55F62285D11D00D42154 /* SF-Pro-Text-Bold.otf */; };
		1A3F56012285D11D00D42154 /* SF-Pro-Text-Semibold.otf in Resources */ = {isa = PBXBuildFile; fileRef = 1A3F55F72285D11D00D42154 /* SF-Pro-Text-Semibold.otf */; };
		1A3F56022285D11D00D42154 /* SF-Pro-Text-Medium.otf in Resources */ = {isa = PBXBuildFile; fileRef = 1A3F55F82285D11D00D42154 /* SF-Pro-Text-Medium.otf */; };
		1A82DA1622867FFD00DB59F7 /* Constants.swift in Sources */ = {isa = PBXBuildFile; fileRef = 1A82DA1522867FFD00DB59F7 /* Constants.swift */; };
		1AA97B7B2289519400C4550C /* CustomLabel.swift in Sources */ = {isa = PBXBuildFile; fileRef = 1AA97B7A2289519400C4550C /* CustomLabel.swift */; };
		1AA97B7D2289520900C4550C /* CustomOnboardImageView.swift in Sources */ = {isa = PBXBuildFile; fileRef = 1AA97B7C2289520900C4550C /* CustomOnboardImageView.swift */; };
		1AA97B89228979D100C4550C /* DeviceExtension.swift in Sources */ = {isa = PBXBuildFile; fileRef = 1AA97B7F228979D100C4550C /* DeviceExtension.swift */; };
		1AA97B8A228979D100C4550C /* FontExtension.swift in Sources */ = {isa = PBXBuildFile; fileRef = 1AA97B80228979D100C4550C /* FontExtension.swift */; };
		1AA97B8B228979D100C4550C /* TapGestureExtension.swift in Sources */ = {isa = PBXBuildFile; fileRef = 1AA97B81228979D100C4550C /* TapGestureExtension.swift */; };
		1AA97B8D228979D100C4550C /* Notifications.swift in Sources */ = {isa = PBXBuildFile; fileRef = 1AA97B83228979D100C4550C /* Notifications.swift */; };
		1AA97B8E228979D100C4550C /* ColorExtension.swift in Sources */ = {isa = PBXBuildFile; fileRef = 1AA97B84228979D100C4550C /* ColorExtension.swift */; };
		1AA97B8F228979D100C4550C /* ImageViewExtension.swift in Sources */ = {isa = PBXBuildFile; fileRef = 1AA97B85228979D100C4550C /* ImageViewExtension.swift */; };
		1AA97B90228979D100C4550C /* ImageResizerExtension.swift in Sources */ = {isa = PBXBuildFile; fileRef = 1AA97B86228979D100C4550C /* ImageResizerExtension.swift */; };
		1AA97B91228979D100C4550C /* StringExtension.swift in Sources */ = {isa = PBXBuildFile; fileRef = 1AA97B87228979D100C4550C /* StringExtension.swift */; };
		1AA97B92228979D100C4550C /* DateExtension.swift in Sources */ = {isa = PBXBuildFile; fileRef = 1AA97B88228979D100C4550C /* DateExtension.swift */; };
		9930BB0DAE1051FDD286D46D /* Pods_Rush.framework in Frameworks */ = {isa = PBXBuildFile; fileRef = D3627F78ECD3E2425AB6C34C /* Pods_Rush.framework */; };
		C05FC14D22805F3D00721F3F /* AppDelegate.swift in Sources */ = {isa = PBXBuildFile; fileRef = C05FC14C22805F3D00721F3F /* AppDelegate.swift */; };
		C05FC16B22805F9D00721F3F /* ViewController.swift in Sources */ = {isa = PBXBuildFile; fileRef = C05FC16122805F9C00721F3F /* ViewController.swift */; };
		C05FC16C22805F9D00721F3F /* Assets.xcassets in Resources */ = {isa = PBXBuildFile; fileRef = C05FC16522805F9D00721F3F /* Assets.xcassets */; };
		C05FC16D22805F9D00721F3F /* LaunchScreen.storyboard in Resources */ = {isa = PBXBuildFile; fileRef = C05FC16722805F9D00721F3F /* LaunchScreen.storyboard */; };
		C05FC16E22805F9D00721F3F /* Main.storyboard in Resources */ = {isa = PBXBuildFile; fileRef = C05FC16922805F9D00721F3F /* Main.storyboard */; };
		C05FC17022805FAE00721F3F /* Utils.swift in Sources */ = {isa = PBXBuildFile; fileRef = C05FC16F22805FAE00721F3F /* Utils.swift */; };
		C05FC1742280620100721F3F /* AppDelegateThirdParty.swift in Sources */ = {isa = PBXBuildFile; fileRef = C05FC1732280620100721F3F /* AppDelegateThirdParty.swift */; };
/* End PBXBuildFile section */

/* Begin PBXFileReference section */
		0918E772228436990098AF35 /* ChatsViewController.swift */ = {isa = PBXFileReference; lastKnownFileType = sourcecode.swift; path = ChatsViewController.swift; sourceTree = "<group>"; };
		0918E774228436A40098AF35 /* ExploreViewController.swift */ = {isa = PBXFileReference; lastKnownFileType = sourcecode.swift; path = ExploreViewController.swift; sourceTree = "<group>"; };
		0918E776228436AE0098AF35 /* ForumViewController.swift */ = {isa = PBXFileReference; lastKnownFileType = sourcecode.swift; path = ForumViewController.swift; sourceTree = "<group>"; };
		0918E778228436B60098AF35 /* HomeViewController.swift */ = {isa = PBXFileReference; lastKnownFileType = sourcecode.swift; path = HomeViewController.swift; sourceTree = "<group>"; };
		0918E77A228436C70098AF35 /* ProfileViewController.swift */ = {isa = PBXFileReference; lastKnownFileType = sourcecode.swift; path = ProfileViewController.swift; sourceTree = "<group>"; };
		0918E77C22843D420098AF35 /* Tabbar.storyboard */ = {isa = PBXFileReference; lastKnownFileType = file.storyboard; path = Tabbar.storyboard; sourceTree = "<group>"; };
		0918E77E228444850098AF35 /* Home.storyboard */ = {isa = PBXFileReference; lastKnownFileType = file.storyboard; path = Home.storyboard; sourceTree = "<group>"; };
		0918E780228444930098AF35 /* Explore.storyboard */ = {isa = PBXFileReference; lastKnownFileType = file.storyboard; path = Explore.storyboard; sourceTree = "<group>"; };
		0918E782228444A20098AF35 /* Chats.storyboard */ = {isa = PBXFileReference; lastKnownFileType = file.storyboard; path = Chats.storyboard; sourceTree = "<group>"; };
		0918E784228444AB0098AF35 /* Forum.storyboard */ = {isa = PBXFileReference; lastKnownFileType = file.storyboard; path = Forum.storyboard; sourceTree = "<group>"; };
		0918E786228444B90098AF35 /* Profile.storyboard */ = {isa = PBXFileReference; lastKnownFileType = file.storyboard; path = Profile.storyboard; sourceTree = "<group>"; };
		0992539022845CF100914E7B /* CustomTabbarViewController.swift */ = {isa = PBXFileReference; fileEncoding = 4; lastKnownFileType = sourcecode.swift; path = CustomTabbarViewController.swift; sourceTree = "<group>"; };
		0992539B22846A1D00914E7B /* HomeMediates.swift */ = {isa = PBXFileReference; lastKnownFileType = sourcecode.swift; path = HomeMediates.swift; sourceTree = "<group>"; };
		0992539D22846A3400914E7B /* HomeLogics.swift */ = {isa = PBXFileReference; lastKnownFileType = sourcecode.swift; path = HomeLogics.swift; sourceTree = "<group>"; };
		0EE7287A622997DCD3DD21DD /* Pods-Rush.debug.xcconfig */ = {isa = PBXFileReference; includeInIndex = 1; lastKnownFileType = text.xcconfig; name = "Pods-Rush.debug.xcconfig"; path = "Target Support Files/Pods-Rush/Pods-Rush.debug.xcconfig"; sourceTree = "<group>"; };
		1A3F55E32285C35800D42154 /* OnboardingViewController.swift */ = {isa = PBXFileReference; lastKnownFileType = sourcecode.swift; path = OnboardingViewController.swift; sourceTree = "<group>"; };
		1A3F55E52285C38800D42154 /* OnboardingMediates.swift */ = {isa = PBXFileReference; fileEncoding = 4; lastKnownFileType = sourcecode.swift; path = OnboardingMediates.swift; sourceTree = "<group>"; };
		1A3F55E62285C38800D42154 /* OnboardingLogics.swift */ = {isa = PBXFileReference; fileEncoding = 4; lastKnownFileType = sourcecode.swift; path = OnboardingLogics.swift; sourceTree = "<group>"; };
		1A3F55EA2285C42600D42154 /* OnBoardingCollectionViewCell.swift */ = {isa = PBXFileReference; fileEncoding = 4; lastKnownFileType = sourcecode.swift; path = OnBoardingCollectionViewCell.swift; sourceTree = "<group>"; };
		1A3F55EB2285C42600D42154 /* OnBoardingCollectionViewCell.xib */ = {isa = PBXFileReference; fileEncoding = 4; lastKnownFileType = file.xib; path = OnBoardingCollectionViewCell.xib; sourceTree = "<group>"; };
		1A3F55EF2285D11D00D42154 /* SF-Pro-Text-Heavy.otf */ = {isa = PBXFileReference; lastKnownFileType = file; path = "SF-Pro-Text-Heavy.otf"; sourceTree = "<group>"; };
		1A3F55F02285D11D00D42154 /* SF-Pro-Display-Light.otf */ = {isa = PBXFileReference; lastKnownFileType = file; path = "SF-Pro-Display-Light.otf"; sourceTree = "<group>"; };
		1A3F55F12285D11D00D42154 /* SF-Pro-Display-Bold.otf */ = {isa = PBXFileReference; lastKnownFileType = file; path = "SF-Pro-Display-Bold.otf"; sourceTree = "<group>"; };
		1A3F55F22285D11D00D42154 /* SF-Pro-Display-Medium.otf */ = {isa = PBXFileReference; lastKnownFileType = file; path = "SF-Pro-Display-Medium.otf"; sourceTree = "<group>"; };
		1A3F55F32285D11D00D42154 /* SF-Pro-Text-Light.otf */ = {isa = PBXFileReference; lastKnownFileType = file; path = "SF-Pro-Text-Light.otf"; sourceTree = "<group>"; };
		1A3F55F42285D11D00D42154 /* SF-Pro-Display-Semibold.otf */ = {isa = PBXFileReference; lastKnownFileType = file; path = "SF-Pro-Display-Semibold.otf"; sourceTree = "<group>"; };
		1A3F55F52285D11D00D42154 /* SF-Pro-Text-Regular.otf */ = {isa = PBXFileReference; lastKnownFileType = file; path = "SF-Pro-Text-Regular.otf"; sourceTree = "<group>"; };
		1A3F55F62285D11D00D42154 /* SF-Pro-Text-Bold.otf */ = {isa = PBXFileReference; lastKnownFileType = file; path = "SF-Pro-Text-Bold.otf"; sourceTree = "<group>"; };
		1A3F55F72285D11D00D42154 /* SF-Pro-Text-Semibold.otf */ = {isa = PBXFileReference; lastKnownFileType = file; path = "SF-Pro-Text-Semibold.otf"; sourceTree = "<group>"; };
		1A3F55F82285D11D00D42154 /* SF-Pro-Text-Medium.otf */ = {isa = PBXFileReference; lastKnownFileType = file; path = "SF-Pro-Text-Medium.otf"; sourceTree = "<group>"; };
		1A82DA1522867FFD00DB59F7 /* Constants.swift */ = {isa = PBXFileReference; fileEncoding = 4; lastKnownFileType = sourcecode.swift; path = Constants.swift; sourceTree = "<group>"; };
		1AA97B7A2289519400C4550C /* CustomLabel.swift */ = {isa = PBXFileReference; lastKnownFileType = sourcecode.swift; path = CustomLabel.swift; sourceTree = "<group>"; };
		1AA97B7C2289520900C4550C /* CustomOnboardImageView.swift */ = {isa = PBXFileReference; lastKnownFileType = sourcecode.swift; path = CustomOnboardImageView.swift; sourceTree = "<group>"; };
		1AA97B7F228979D100C4550C /* DeviceExtension.swift */ = {isa = PBXFileReference; fileEncoding = 4; lastKnownFileType = sourcecode.swift; path = DeviceExtension.swift; sourceTree = "<group>"; };
		1AA97B80228979D100C4550C /* FontExtension.swift */ = {isa = PBXFileReference; fileEncoding = 4; lastKnownFileType = sourcecode.swift; path = FontExtension.swift; sourceTree = "<group>"; };
		1AA97B81228979D100C4550C /* TapGestureExtension.swift */ = {isa = PBXFileReference; fileEncoding = 4; lastKnownFileType = sourcecode.swift; path = TapGestureExtension.swift; sourceTree = "<group>"; };
		1AA97B83228979D100C4550C /* Notifications.swift */ = {isa = PBXFileReference; fileEncoding = 4; lastKnownFileType = sourcecode.swift; path = Notifications.swift; sourceTree = "<group>"; };
		1AA97B84228979D100C4550C /* ColorExtension.swift */ = {isa = PBXFileReference; fileEncoding = 4; lastKnownFileType = sourcecode.swift; path = ColorExtension.swift; sourceTree = "<group>"; };
		1AA97B85228979D100C4550C /* ImageViewExtension.swift */ = {isa = PBXFileReference; fileEncoding = 4; lastKnownFileType = sourcecode.swift; path = ImageViewExtension.swift; sourceTree = "<group>"; };
		1AA97B86228979D100C4550C /* ImageResizerExtension.swift */ = {isa = PBXFileReference; fileEncoding = 4; lastKnownFileType = sourcecode.swift; path = ImageResizerExtension.swift; sourceTree = "<group>"; };
		1AA97B87228979D100C4550C /* StringExtension.swift */ = {isa = PBXFileReference; fileEncoding = 4; lastKnownFileType = sourcecode.swift; path = StringExtension.swift; sourceTree = "<group>"; };
		1AA97B88228979D100C4550C /* DateExtension.swift */ = {isa = PBXFileReference; fileEncoding = 4; lastKnownFileType = sourcecode.swift; path = DateExtension.swift; sourceTree = "<group>"; };
		2F279CD9FF2B71F89B2A1FD9 /* Pods-Rush.release.xcconfig */ = {isa = PBXFileReference; includeInIndex = 1; lastKnownFileType = text.xcconfig; name = "Pods-Rush.release.xcconfig"; path = "Target Support Files/Pods-Rush/Pods-Rush.release.xcconfig"; sourceTree = "<group>"; };
		BA84B74F66D3BAD5F55D799D /* Pods-Rush.releasebeta.xcconfig */ = {isa = PBXFileReference; includeInIndex = 1; lastKnownFileType = text.xcconfig; name = "Pods-Rush.releasebeta.xcconfig"; path = "Target Support Files/Pods-Rush/Pods-Rush.releasebeta.xcconfig"; sourceTree = "<group>"; };
		C05FC14922805F3D00721F3F /* Rush.app */ = {isa = PBXFileReference; explicitFileType = wrapper.application; includeInIndex = 0; path = Rush.app; sourceTree = BUILT_PRODUCTS_DIR; };
		C05FC14C22805F3D00721F3F /* AppDelegate.swift */ = {isa = PBXFileReference; lastKnownFileType = sourcecode.swift; path = AppDelegate.swift; sourceTree = "<group>"; };
		C05FC15822805F3E00721F3F /* Info.plist */ = {isa = PBXFileReference; lastKnownFileType = text.plist.xml; path = Info.plist; sourceTree = "<group>"; };
		C05FC16122805F9C00721F3F /* ViewController.swift */ = {isa = PBXFileReference; fileEncoding = 4; lastKnownFileType = sourcecode.swift; path = ViewController.swift; sourceTree = "<group>"; };
		C05FC16522805F9D00721F3F /* Assets.xcassets */ = {isa = PBXFileReference; lastKnownFileType = folder.assetcatalog; path = Assets.xcassets; sourceTree = "<group>"; };
		C05FC16822805F9D00721F3F /* Base */ = {isa = PBXFileReference; lastKnownFileType = file.storyboard; name = Base; path = Base.lproj/LaunchScreen.storyboard; sourceTree = "<group>"; };
		C05FC16A22805F9D00721F3F /* Base */ = {isa = PBXFileReference; lastKnownFileType = file.storyboard; name = Base; path = Base.lproj/Main.storyboard; sourceTree = "<group>"; };
		C05FC16F22805FAE00721F3F /* Utils.swift */ = {isa = PBXFileReference; lastKnownFileType = sourcecode.swift; path = Utils.swift; sourceTree = "<group>"; };
		C05FC1732280620100721F3F /* AppDelegateThirdParty.swift */ = {isa = PBXFileReference; lastKnownFileType = sourcecode.swift; path = AppDelegateThirdParty.swift; sourceTree = "<group>"; };
		D3627F78ECD3E2425AB6C34C /* Pods_Rush.framework */ = {isa = PBXFileReference; explicitFileType = wrapper.framework; includeInIndex = 0; path = Pods_Rush.framework; sourceTree = BUILT_PRODUCTS_DIR; };
/* End PBXFileReference section */

/* Begin PBXFrameworksBuildPhase section */
		C05FC14622805F3D00721F3F /* Frameworks */ = {
			isa = PBXFrameworksBuildPhase;
			buildActionMask = 2147483647;
			files = (
				9930BB0DAE1051FDD286D46D /* Pods_Rush.framework in Frameworks */,
			);
			runOnlyForDeploymentPostprocessing = 0;
		};
/* End PBXFrameworksBuildPhase section */

/* Begin PBXGroup section */
		0918E76C228436820098AF35 /* Tabbar */ = {
			isa = PBXGroup;
			children = (
				0918E770228436820098AF35 /* Home */,
				0918E76E228436820098AF35 /* Explore */,
				0918E76D228436820098AF35 /* Chats */,
				0918E76F228436820098AF35 /* Forum */,
				0918E771228436820098AF35 /* Profile */,
			);
			path = Tabbar;
			sourceTree = "<group>";
		};
		0918E76D228436820098AF35 /* Chats */ = {
			isa = PBXGroup;
			children = (
				0918E772228436990098AF35 /* ChatsViewController.swift */,
			);
			path = Chats;
			sourceTree = "<group>";
		};
		0918E76E228436820098AF35 /* Explore */ = {
			isa = PBXGroup;
			children = (
				0918E774228436A40098AF35 /* ExploreViewController.swift */,
			);
			path = Explore;
			sourceTree = "<group>";
		};
		0918E76F228436820098AF35 /* Forum */ = {
			isa = PBXGroup;
			children = (
				0918E776228436AE0098AF35 /* ForumViewController.swift */,
			);
			path = Forum;
			sourceTree = "<group>";
		};
		0918E770228436820098AF35 /* Home */ = {
			isa = PBXGroup;
			children = (
				0918E778228436B60098AF35 /* HomeViewController.swift */,
				0992539B22846A1D00914E7B /* HomeMediates.swift */,
				0992539D22846A3400914E7B /* HomeLogics.swift */,
			);
			path = Home;
			sourceTree = "<group>";
		};
		0918E771228436820098AF35 /* Profile */ = {
			isa = PBXGroup;
			children = (
				0918E77A228436C70098AF35 /* ProfileViewController.swift */,
			);
			path = Profile;
			sourceTree = "<group>";
		};
		0992538F22845CD000914E7B /* CustomClass */ = {
			isa = PBXGroup;
			children = (
				0992539022845CF100914E7B /* CustomTabbarViewController.swift */,
				1AA97B7A2289519400C4550C /* CustomLabel.swift */,
				1AA97B7C2289520900C4550C /* CustomOnboardImageView.swift */,
			);
			path = CustomClass;
			sourceTree = "<group>";
		};
		1A3F55E12285B45200D42154 /* Onboarding */ = {
			isa = PBXGroup;
			children = (
				1A3F55E92285C42600D42154 /* CellView */,
				1A3F55E62285C38800D42154 /* OnboardingLogics.swift */,
				1A3F55E52285C38800D42154 /* OnboardingMediates.swift */,
				1A3F55E32285C35800D42154 /* OnboardingViewController.swift */,
			);
			path = Onboarding;
			sourceTree = "<group>";
		};
		1A3F55E92285C42600D42154 /* CellView */ = {
			isa = PBXGroup;
			children = (
				1A3F55EA2285C42600D42154 /* OnBoardingCollectionViewCell.swift */,
				1A3F55EB2285C42600D42154 /* OnBoardingCollectionViewCell.xib */,
			);
			path = CellView;
			sourceTree = "<group>";
		};
		1A3F55EE2285D11D00D42154 /* Fonts */ = {
			isa = PBXGroup;
			children = (
				1A3F55EF2285D11D00D42154 /* SF-Pro-Text-Heavy.otf */,
				1A3F55F02285D11D00D42154 /* SF-Pro-Display-Light.otf */,
				1A3F55F12285D11D00D42154 /* SF-Pro-Display-Bold.otf */,
				1A3F55F22285D11D00D42154 /* SF-Pro-Display-Medium.otf */,
				1A3F55F32285D11D00D42154 /* SF-Pro-Text-Light.otf */,
				1A3F55F42285D11D00D42154 /* SF-Pro-Display-Semibold.otf */,
				1A3F55F52285D11D00D42154 /* SF-Pro-Text-Regular.otf */,
				1A3F55F62285D11D00D42154 /* SF-Pro-Text-Bold.otf */,
				1A3F55F72285D11D00D42154 /* SF-Pro-Text-Semibold.otf */,
				1A3F55F82285D11D00D42154 /* SF-Pro-Text-Medium.otf */,
			);
			path = Fonts;
			sourceTree = "<group>";
		};
		1AA97B7E228979D100C4550C /* Extension */ = {
			isa = PBXGroup;
			children = (
				1AA97B7F228979D100C4550C /* DeviceExtension.swift */,
				1AA97B80228979D100C4550C /* FontExtension.swift */,
				1AA97B81228979D100C4550C /* TapGestureExtension.swift */,
				1AA97B83228979D100C4550C /* Notifications.swift */,
				1AA97B84228979D100C4550C /* ColorExtension.swift */,
				1AA97B85228979D100C4550C /* ImageViewExtension.swift */,
				1AA97B86228979D100C4550C /* ImageResizerExtension.swift */,
				1AA97B87228979D100C4550C /* StringExtension.swift */,
				1AA97B88228979D100C4550C /* DateExtension.swift */,
			);
			path = Extension;
			sourceTree = "<group>";
		};
		531998D1E6069E5BB9B10557 /* Frameworks */ = {
			isa = PBXGroup;
			children = (
				D3627F78ECD3E2425AB6C34C /* Pods_Rush.framework */,
			);
			name = Frameworks;
			sourceTree = "<group>";
		};
		69A4CA5176A546F5C0DA9D7C /* Pods */ = {
			isa = PBXGroup;
			children = (
				0EE7287A622997DCD3DD21DD /* Pods-Rush.debug.xcconfig */,
				2F279CD9FF2B71F89B2A1FD9 /* Pods-Rush.release.xcconfig */,
				BA84B74F66D3BAD5F55D799D /* Pods-Rush.releasebeta.xcconfig */,
			);
			path = Pods;
			sourceTree = "<group>";
		};
		C05FC14022805F3D00721F3F = {
			isa = PBXGroup;
			children = (
				C05FC14B22805F3D00721F3F /* Rush */,
				C05FC14A22805F3D00721F3F /* Products */,
				69A4CA5176A546F5C0DA9D7C /* Pods */,
				531998D1E6069E5BB9B10557 /* Frameworks */,
			);
			sourceTree = "<group>";
		};
		C05FC14A22805F3D00721F3F /* Products */ = {
			isa = PBXGroup;
			children = (
				C05FC14922805F3D00721F3F /* Rush.app */,
			);
			name = Products;
			sourceTree = "<group>";
		};
		C05FC14B22805F3D00721F3F /* Rush */ = {
			isa = PBXGroup;
			children = (
				C05FC14C22805F3D00721F3F /* AppDelegate.swift */,
				C05FC1732280620100721F3F /* AppDelegateThirdParty.swift */,
				C05FC16222805F9D00721F3F /* Miscellaneous */,
				C05FC15E22805F9C00721F3F /* Classes */,
				C05FC16622805F9D00721F3F /* Interfaces */,
				C05FC16322805F9D00721F3F /* Resources */,
				C05FC15822805F3E00721F3F /* Info.plist */,
			);
			path = Rush;
			sourceTree = "<group>";
		};
		C05FC15E22805F9C00721F3F /* Classes */ = {
			isa = PBXGroup;
			children = (
				1AA97B7E228979D100C4550C /* Extension */,
				0992538F22845CD000914E7B /* CustomClass */,
				C05FC15F22805F9C00721F3F /* Models */,
				C05FC16022805F9C00721F3F /* Modules */,
			);
			path = Classes;
			sourceTree = "<group>";
		};
		C05FC15F22805F9C00721F3F /* Models */ = {
			isa = PBXGroup;
			children = (
			);
			path = Models;
			sourceTree = "<group>";
		};
		C05FC16022805F9C00721F3F /* Modules */ = {
			isa = PBXGroup;
			children = (
				1A3F55E12285B45200D42154 /* Onboarding */,
				0918E76C228436820098AF35 /* Tabbar */,
				C05FC16122805F9C00721F3F /* ViewController.swift */,
			);
			path = Modules;
			sourceTree = "<group>";
		};
		C05FC16222805F9D00721F3F /* Miscellaneous */ = {
			isa = PBXGroup;
			children = (
				1A82DA1522867FFD00DB59F7 /* Constants.swift */,
				C05FC16F22805FAE00721F3F /* Utils.swift */,
			);
			path = Miscellaneous;
			sourceTree = "<group>";
		};
		C05FC16322805F9D00721F3F /* Resources */ = {
			isa = PBXGroup;
			children = (
				1A3F55EE2285D11D00D42154 /* Fonts */,
				C05FC16422805F9D00721F3F /* Images */,
			);
			path = Resources;
			sourceTree = "<group>";
		};
		C05FC16422805F9D00721F3F /* Images */ = {
			isa = PBXGroup;
			children = (
				C05FC16522805F9D00721F3F /* Assets.xcassets */,
			);
			path = Images;
			sourceTree = "<group>";
		};
		C05FC16622805F9D00721F3F /* Interfaces */ = {
			isa = PBXGroup;
			children = (
				C05FC16722805F9D00721F3F /* LaunchScreen.storyboard */,
				C05FC16922805F9D00721F3F /* Main.storyboard */,
				0918E77C22843D420098AF35 /* Tabbar.storyboard */,
				0918E77E228444850098AF35 /* Home.storyboard */,
				0918E780228444930098AF35 /* Explore.storyboard */,
				0918E782228444A20098AF35 /* Chats.storyboard */,
				0918E784228444AB0098AF35 /* Forum.storyboard */,
				0918E786228444B90098AF35 /* Profile.storyboard */,
			);
			path = Interfaces;
			sourceTree = "<group>";
		};
/* End PBXGroup section */

/* Begin PBXNativeTarget section */
		C05FC14822805F3D00721F3F /* Rush */ = {
			isa = PBXNativeTarget;
			buildConfigurationList = C05FC15B22805F3E00721F3F /* Build configuration list for PBXNativeTarget "Rush" */;
			buildPhases = (
				626CB70342D8AE47EE2FF4C0 /* [CP] Check Pods Manifest.lock */,
				C05FC14522805F3D00721F3F /* Sources */,
				C05FC14622805F3D00721F3F /* Frameworks */,
				C05FC14722805F3D00721F3F /* Resources */,
				99038BB0B9E69C60D63E134F /* [CP] Embed Pods Frameworks */,
				C05FC177228063CD00721F3F /* ShellScript */,
			);
			buildRules = (
			);
			dependencies = (
			);
			name = Rush;
			productName = Rush;
			productReference = C05FC14922805F3D00721F3F /* Rush.app */;
			productType = "com.apple.product-type.application";
		};
/* End PBXNativeTarget section */

/* Begin PBXProject section */
		C05FC14122805F3D00721F3F /* Project object */ = {
			isa = PBXProject;
			attributes = {
				LastSwiftUpdateCheck = 1020;
				LastUpgradeCheck = 1020;
				ORGANIZATIONNAME = Messapps;
				TargetAttributes = {
					C05FC14822805F3D00721F3F = {
						CreatedOnToolsVersion = 10.2;
					};
				};
			};
			buildConfigurationList = C05FC14422805F3D00721F3F /* Build configuration list for PBXProject "Rush" */;
			compatibilityVersion = "Xcode 9.3";
			developmentRegion = en;
			hasScannedForEncodings = 0;
			knownRegions = (
				en,
				Base,
			);
			mainGroup = C05FC14022805F3D00721F3F;
			productRefGroup = C05FC14A22805F3D00721F3F /* Products */;
			projectDirPath = "";
			projectRoot = "";
			targets = (
				C05FC14822805F3D00721F3F /* Rush */,
			);
		};
/* End PBXProject section */

/* Begin PBXResourcesBuildPhase section */
		C05FC14722805F3D00721F3F /* Resources */ = {
			isa = PBXResourcesBuildPhase;
			buildActionMask = 2147483647;
			files = (
				0918E785228444AB0098AF35 /* Forum.storyboard in Resources */,
				1A3F56012285D11D00D42154 /* SF-Pro-Text-Semibold.otf in Resources */,
				0918E77D22843D420098AF35 /* Tabbar.storyboard in Resources */,
				0918E77F228444850098AF35 /* Home.storyboard in Resources */,
				1A3F55F92285D11D00D42154 /* SF-Pro-Text-Heavy.otf in Resources */,
				C05FC16E22805F9D00721F3F /* Main.storyboard in Resources */,
				C05FC16C22805F9D00721F3F /* Assets.xcassets in Resources */,
				1A3F55FC2285D11D00D42154 /* SF-Pro-Display-Medium.otf in Resources */,
				1A3F56022285D11D00D42154 /* SF-Pro-Text-Medium.otf in Resources */,
				0918E783228444A20098AF35 /* Chats.storyboard in Resources */,
				1A3F56002285D11D00D42154 /* SF-Pro-Text-Bold.otf in Resources */,
				1A3F55FE2285D11D00D42154 /* SF-Pro-Display-Semibold.otf in Resources */,
				1A3F55FB2285D11D00D42154 /* SF-Pro-Display-Bold.otf in Resources */,
				1A3F55ED2285C42600D42154 /* OnBoardingCollectionViewCell.xib in Resources */,
				0918E787228444B90098AF35 /* Profile.storyboard in Resources */,
				0918E781228444930098AF35 /* Explore.storyboard in Resources */,
				1A3F55FF2285D11D00D42154 /* SF-Pro-Text-Regular.otf in Resources */,
				1A3F55FA2285D11D00D42154 /* SF-Pro-Display-Light.otf in Resources */,
				C05FC16D22805F9D00721F3F /* LaunchScreen.storyboard in Resources */,
				1A3F55FD2285D11D00D42154 /* SF-Pro-Text-Light.otf in Resources */,
			);
			runOnlyForDeploymentPostprocessing = 0;
		};
/* End PBXResourcesBuildPhase section */

/* Begin PBXShellScriptBuildPhase section */
		626CB70342D8AE47EE2FF4C0 /* [CP] Check Pods Manifest.lock */ = {
			isa = PBXShellScriptBuildPhase;
			buildActionMask = 2147483647;
			files = (
			);
			inputFileListPaths = (
			);
			inputPaths = (
				"${PODS_PODFILE_DIR_PATH}/Podfile.lock",
				"${PODS_ROOT}/Manifest.lock",
			);
			name = "[CP] Check Pods Manifest.lock";
			outputFileListPaths = (
			);
			outputPaths = (
				"$(DERIVED_FILE_DIR)/Pods-Rush-checkManifestLockResult.txt",
			);
			runOnlyForDeploymentPostprocessing = 0;
			shellPath = /bin/sh;
			shellScript = "diff \"${PODS_PODFILE_DIR_PATH}/Podfile.lock\" \"${PODS_ROOT}/Manifest.lock\" > /dev/null\nif [ $? != 0 ] ; then\n    # print error to STDERR\n    echo \"error: The sandbox is not in sync with the Podfile.lock. Run 'pod install' or update your CocoaPods installation.\" >&2\n    exit 1\nfi\n# This output is used by Xcode 'outputs' to avoid re-running this script phase.\necho \"SUCCESS\" > \"${SCRIPT_OUTPUT_FILE_0}\"\n";
			showEnvVarsInLog = 0;
		};
		99038BB0B9E69C60D63E134F /* [CP] Embed Pods Frameworks */ = {
			isa = PBXShellScriptBuildPhase;
			buildActionMask = 2147483647;
			files = (
			);
			inputFileListPaths = (
				"${PODS_ROOT}/Target Support Files/Pods-Rush/Pods-Rush-frameworks-${CONFIGURATION}-input-files.xcfilelist",
			);
			name = "[CP] Embed Pods Frameworks";
			outputFileListPaths = (
				"${PODS_ROOT}/Target Support Files/Pods-Rush/Pods-Rush-frameworks-${CONFIGURATION}-output-files.xcfilelist",
			);
			runOnlyForDeploymentPostprocessing = 0;
			shellPath = /bin/sh;
			shellScript = "\"${PODS_ROOT}/Target Support Files/Pods-Rush/Pods-Rush-frameworks.sh\"\n";
			showEnvVarsInLog = 0;
		};
		C05FC177228063CD00721F3F /* ShellScript */ = {
			isa = PBXShellScriptBuildPhase;
			buildActionMask = 2147483647;
			files = (
			);
			inputFileListPaths = (
			);
			inputPaths = (
			);
			outputFileListPaths = (
			);
			outputPaths = (
			);
			runOnlyForDeploymentPostprocessing = 0;
			shellPath = /bin/sh;
			shellScript = "# Type a script or drag a script file from your workspace to insert its path.\nSCRIPT_SRC=$(find \"$PROJECT_DIR\" -name 'BugseeClean' | head -1)\nif [ ! \"${SCRIPT_SRC}\" ]; then\necho \"Error: BugseeClean script not found.\"\nexit 1\nfi\n/usr/bin/python \"${SCRIPT_SRC}\"\n";
		};
/* End PBXShellScriptBuildPhase section */

/* Begin PBXSourcesBuildPhase section */
		C05FC14522805F3D00721F3F /* Sources */ = {
			isa = PBXSourcesBuildPhase;
			buildActionMask = 2147483647;
			files = (
				1AA97B8D228979D100C4550C /* Notifications.swift in Sources */,
				1A3F55E82285C38800D42154 /* OnboardingLogics.swift in Sources */,
				1AA97B90228979D100C4550C /* ImageResizerExtension.swift in Sources */,
				1AA97B7B2289519400C4550C /* CustomLabel.swift in Sources */,
				1A82DA1622867FFD00DB59F7 /* Constants.swift in Sources */,
				1AA97B8E228979D100C4550C /* ColorExtension.swift in Sources */,
				1A3F55E42285C35800D42154 /* OnboardingViewController.swift in Sources */,
				1AA97B8F228979D100C4550C /* ImageViewExtension.swift in Sources */,
				1AA97B91228979D100C4550C /* StringExtension.swift in Sources */,
				C05FC16B22805F9D00721F3F /* ViewController.swift in Sources */,
				1A3F55EC2285C42600D42154 /* OnBoardingCollectionViewCell.swift in Sources */,
				C05FC1742280620100721F3F /* AppDelegateThirdParty.swift in Sources */,
				1AA97B8B228979D100C4550C /* TapGestureExtension.swift in Sources */,
				0992539122845CF100914E7B /* CustomTabbarViewController.swift in Sources */,
				0918E77B228436C70098AF35 /* ProfileViewController.swift in Sources */,
				1AA97B92228979D100C4550C /* DateExtension.swift in Sources */,
				1AA97B8A228979D100C4550C /* FontExtension.swift in Sources */,
				1AA97B89228979D100C4550C /* DeviceExtension.swift in Sources */,
				C05FC14D22805F3D00721F3F /* AppDelegate.swift in Sources */,
				0992539E22846A3400914E7B /* HomeLogics.swift in Sources */,
				0918E777228436AE0098AF35 /* ForumViewController.swift in Sources */,
				0918E779228436B60098AF35 /* HomeViewController.swift in Sources */,
				0918E773228436990098AF35 /* ChatsViewController.swift in Sources */,
				1A3F55E72285C38800D42154 /* OnboardingMediates.swift in Sources */,
				0992539C22846A1D00914E7B /* HomeMediates.swift in Sources */,
				0918E775228436A40098AF35 /* ExploreViewController.swift in Sources */,
				C05FC17022805FAE00721F3F /* Utils.swift in Sources */,
				1AA97B7D2289520900C4550C /* CustomOnboardImageView.swift in Sources */,
			);
			runOnlyForDeploymentPostprocessing = 0;
		};
/* End PBXSourcesBuildPhase section */

/* Begin PBXVariantGroup section */
		C05FC16722805F9D00721F3F /* LaunchScreen.storyboard */ = {
			isa = PBXVariantGroup;
			children = (
				C05FC16822805F9D00721F3F /* Base */,
			);
			name = LaunchScreen.storyboard;
			sourceTree = "<group>";
		};
		C05FC16922805F9D00721F3F /* Main.storyboard */ = {
			isa = PBXVariantGroup;
			children = (
				C05FC16A22805F9D00721F3F /* Base */,
			);
			name = Main.storyboard;
			sourceTree = "<group>";
		};
/* End PBXVariantGroup section */

/* Begin XCBuildConfiguration section */
		C05FC15922805F3E00721F3F /* Debug */ = {
			isa = XCBuildConfiguration;
			buildSettings = {
				ALWAYS_SEARCH_USER_PATHS = NO;
				CLANG_ANALYZER_NONNULL = YES;
				CLANG_ANALYZER_NUMBER_OBJECT_CONVERSION = YES_AGGRESSIVE;
				CLANG_CXX_LANGUAGE_STANDARD = "gnu++14";
				CLANG_CXX_LIBRARY = "libc++";
				CLANG_ENABLE_MODULES = YES;
				CLANG_ENABLE_OBJC_ARC = YES;
				CLANG_ENABLE_OBJC_WEAK = YES;
				CLANG_WARN_BLOCK_CAPTURE_AUTORELEASING = YES;
				CLANG_WARN_BOOL_CONVERSION = YES;
				CLANG_WARN_COMMA = YES;
				CLANG_WARN_CONSTANT_CONVERSION = YES;
				CLANG_WARN_DEPRECATED_OBJC_IMPLEMENTATIONS = YES;
				CLANG_WARN_DIRECT_OBJC_ISA_USAGE = YES_ERROR;
				CLANG_WARN_DOCUMENTATION_COMMENTS = YES;
				CLANG_WARN_EMPTY_BODY = YES;
				CLANG_WARN_ENUM_CONVERSION = YES;
				CLANG_WARN_INFINITE_RECURSION = YES;
				CLANG_WARN_INT_CONVERSION = YES;
				CLANG_WARN_NON_LITERAL_NULL_CONVERSION = YES;
				CLANG_WARN_OBJC_IMPLICIT_RETAIN_SELF = YES;
				CLANG_WARN_OBJC_LITERAL_CONVERSION = YES;
				CLANG_WARN_OBJC_ROOT_CLASS = YES_ERROR;
				CLANG_WARN_RANGE_LOOP_ANALYSIS = YES;
				CLANG_WARN_STRICT_PROTOTYPES = YES;
				CLANG_WARN_SUSPICIOUS_MOVE = YES;
				CLANG_WARN_UNGUARDED_AVAILABILITY = YES_AGGRESSIVE;
				CLANG_WARN_UNREACHABLE_CODE = YES;
				CLANG_WARN__DUPLICATE_METHOD_MATCH = YES;
				CODE_SIGN_IDENTITY = "iPhone Developer";
				COPY_PHASE_STRIP = NO;
				DEBUG_INFORMATION_FORMAT = dwarf;
				ENABLE_STRICT_OBJC_MSGSEND = YES;
				ENABLE_TESTABILITY = YES;
				GCC_C_LANGUAGE_STANDARD = gnu11;
				GCC_DYNAMIC_NO_PIC = NO;
				GCC_NO_COMMON_BLOCKS = YES;
				GCC_OPTIMIZATION_LEVEL = 0;
				GCC_PREPROCESSOR_DEFINITIONS = (
					"DEBUG=1",
					"$(inherited)",
				);
				GCC_WARN_64_TO_32_BIT_CONVERSION = YES;
				GCC_WARN_ABOUT_RETURN_TYPE = YES_ERROR;
				GCC_WARN_UNDECLARED_SELECTOR = YES;
				GCC_WARN_UNINITIALIZED_AUTOS = YES_AGGRESSIVE;
				GCC_WARN_UNUSED_FUNCTION = YES;
				GCC_WARN_UNUSED_VARIABLE = YES;
				IPHONEOS_DEPLOYMENT_TARGET = 11.0;
				MTL_ENABLE_DEBUG_INFO = INCLUDE_SOURCE;
				MTL_FAST_MATH = YES;
				ONLY_ACTIVE_ARCH = YES;
				SDKROOT = iphoneos;
				SWIFT_ACTIVE_COMPILATION_CONDITIONS = DEBUG;
				SWIFT_OPTIMIZATION_LEVEL = "-Onone";
			};
			name = Debug;
		};
		C05FC15A22805F3E00721F3F /* Release */ = {
			isa = XCBuildConfiguration;
			buildSettings = {
				ALWAYS_SEARCH_USER_PATHS = NO;
				CLANG_ANALYZER_NONNULL = YES;
				CLANG_ANALYZER_NUMBER_OBJECT_CONVERSION = YES_AGGRESSIVE;
				CLANG_CXX_LANGUAGE_STANDARD = "gnu++14";
				CLANG_CXX_LIBRARY = "libc++";
				CLANG_ENABLE_MODULES = YES;
				CLANG_ENABLE_OBJC_ARC = YES;
				CLANG_ENABLE_OBJC_WEAK = YES;
				CLANG_WARN_BLOCK_CAPTURE_AUTORELEASING = YES;
				CLANG_WARN_BOOL_CONVERSION = YES;
				CLANG_WARN_COMMA = YES;
				CLANG_WARN_CONSTANT_CONVERSION = YES;
				CLANG_WARN_DEPRECATED_OBJC_IMPLEMENTATIONS = YES;
				CLANG_WARN_DIRECT_OBJC_ISA_USAGE = YES_ERROR;
				CLANG_WARN_DOCUMENTATION_COMMENTS = YES;
				CLANG_WARN_EMPTY_BODY = YES;
				CLANG_WARN_ENUM_CONVERSION = YES;
				CLANG_WARN_INFINITE_RECURSION = YES;
				CLANG_WARN_INT_CONVERSION = YES;
				CLANG_WARN_NON_LITERAL_NULL_CONVERSION = YES;
				CLANG_WARN_OBJC_IMPLICIT_RETAIN_SELF = YES;
				CLANG_WARN_OBJC_LITERAL_CONVERSION = YES;
				CLANG_WARN_OBJC_ROOT_CLASS = YES_ERROR;
				CLANG_WARN_RANGE_LOOP_ANALYSIS = YES;
				CLANG_WARN_STRICT_PROTOTYPES = YES;
				CLANG_WARN_SUSPICIOUS_MOVE = YES;
				CLANG_WARN_UNGUARDED_AVAILABILITY = YES_AGGRESSIVE;
				CLANG_WARN_UNREACHABLE_CODE = YES;
				CLANG_WARN__DUPLICATE_METHOD_MATCH = YES;
				CODE_SIGN_IDENTITY = "iPhone Developer";
				COPY_PHASE_STRIP = NO;
				DEBUG_INFORMATION_FORMAT = "dwarf-with-dsym";
				ENABLE_NS_ASSERTIONS = NO;
				ENABLE_STRICT_OBJC_MSGSEND = YES;
				GCC_C_LANGUAGE_STANDARD = gnu11;
				GCC_NO_COMMON_BLOCKS = YES;
				GCC_WARN_64_TO_32_BIT_CONVERSION = YES;
				GCC_WARN_ABOUT_RETURN_TYPE = YES_ERROR;
				GCC_WARN_UNDECLARED_SELECTOR = YES;
				GCC_WARN_UNINITIALIZED_AUTOS = YES_AGGRESSIVE;
				GCC_WARN_UNUSED_FUNCTION = YES;
				GCC_WARN_UNUSED_VARIABLE = YES;
				IPHONEOS_DEPLOYMENT_TARGET = 11.0;
				MTL_ENABLE_DEBUG_INFO = NO;
				MTL_FAST_MATH = YES;
				SDKROOT = iphoneos;
				SWIFT_COMPILATION_MODE = wholemodule;
				SWIFT_OPTIMIZATION_LEVEL = "-O";
				VALIDATE_PRODUCT = YES;
			};
			name = Release;
		};
		C05FC15C22805F3E00721F3F /* Debug */ = {
			isa = XCBuildConfiguration;
			baseConfigurationReference = 0EE7287A622997DCD3DD21DD /* Pods-Rush.debug.xcconfig */;
			buildSettings = {
				ASSETCATALOG_COMPILER_APPICON_NAME = AppIcon;
				BUGSEE_ENABLE = YES;
				BUGSEE_KEY = "5963138a-d56f-44c2-a2ca-dbb6ddcf0bf7";
				CODE_SIGN_STYLE = Automatic;
				DEVELOPMENT_TEAM = 22K8FCRMWT;
				INFOPLIST_FILE = Rush/Info.plist;
				IPHONEOS_DEPLOYMENT_TARGET = 11.0;
				LD_RUNPATH_SEARCH_PATHS = (
					"$(inherited)",
					"@executable_path/Frameworks",
				);
				PRODUCT_BUNDLE_IDENTIFIER = com.messapps.testing.Rush;
				PRODUCT_NAME = "$(TARGET_NAME)";
				SWIFT_VERSION = 4.2;
				TARGETED_DEVICE_FAMILY = 1;
			};
			name = Debug;
		};
		C05FC15D22805F3E00721F3F /* Release */ = {
			isa = XCBuildConfiguration;
			baseConfigurationReference = 2F279CD9FF2B71F89B2A1FD9 /* Pods-Rush.release.xcconfig */;
			buildSettings = {
				ASSETCATALOG_COMPILER_APPICON_NAME = AppIcon;
				BUGSEE_ENABLE = YES;
				BUGSEE_KEY = "5963138a-d56f-44c2-a2ca-dbb6ddcf0bf7";
				CODE_SIGN_STYLE = Automatic;
				DEVELOPMENT_TEAM = 22K8FCRMWT;
				INFOPLIST_FILE = Rush/Info.plist;
				IPHONEOS_DEPLOYMENT_TARGET = 11.0;
				LD_RUNPATH_SEARCH_PATHS = (
					"$(inherited)",
					"@executable_path/Frameworks",
				);
				PRODUCT_BUNDLE_IDENTIFIER = com.messapps.testing.Rush;
				PRODUCT_NAME = "$(TARGET_NAME)";
				SWIFT_VERSION = 4.2;
				TARGETED_DEVICE_FAMILY = 1;
			};
			name = Release;
		};
		C05FC1752280637100721F3F /* ReleaseBeta */ = {
			isa = XCBuildConfiguration;
			buildSettings = {
				ALWAYS_SEARCH_USER_PATHS = NO;
				CLANG_ANALYZER_NONNULL = YES;
				CLANG_ANALYZER_NUMBER_OBJECT_CONVERSION = YES_AGGRESSIVE;
				CLANG_CXX_LANGUAGE_STANDARD = "gnu++14";
				CLANG_CXX_LIBRARY = "libc++";
				CLANG_ENABLE_MODULES = YES;
				CLANG_ENABLE_OBJC_ARC = YES;
				CLANG_ENABLE_OBJC_WEAK = YES;
				CLANG_WARN_BLOCK_CAPTURE_AUTORELEASING = YES;
				CLANG_WARN_BOOL_CONVERSION = YES;
				CLANG_WARN_COMMA = YES;
				CLANG_WARN_CONSTANT_CONVERSION = YES;
				CLANG_WARN_DEPRECATED_OBJC_IMPLEMENTATIONS = YES;
				CLANG_WARN_DIRECT_OBJC_ISA_USAGE = YES_ERROR;
				CLANG_WARN_DOCUMENTATION_COMMENTS = YES;
				CLANG_WARN_EMPTY_BODY = YES;
				CLANG_WARN_ENUM_CONVERSION = YES;
				CLANG_WARN_INFINITE_RECURSION = YES;
				CLANG_WARN_INT_CONVERSION = YES;
				CLANG_WARN_NON_LITERAL_NULL_CONVERSION = YES;
				CLANG_WARN_OBJC_IMPLICIT_RETAIN_SELF = YES;
				CLANG_WARN_OBJC_LITERAL_CONVERSION = YES;
				CLANG_WARN_OBJC_ROOT_CLASS = YES_ERROR;
				CLANG_WARN_RANGE_LOOP_ANALYSIS = YES;
				CLANG_WARN_STRICT_PROTOTYPES = YES;
				CLANG_WARN_SUSPICIOUS_MOVE = YES;
				CLANG_WARN_UNGUARDED_AVAILABILITY = YES_AGGRESSIVE;
				CLANG_WARN_UNREACHABLE_CODE = YES;
				CLANG_WARN__DUPLICATE_METHOD_MATCH = YES;
				CODE_SIGN_IDENTITY = "iPhone Developer";
				COPY_PHASE_STRIP = NO;
				DEBUG_INFORMATION_FORMAT = "dwarf-with-dsym";
				ENABLE_NS_ASSERTIONS = NO;
				ENABLE_STRICT_OBJC_MSGSEND = YES;
				GCC_C_LANGUAGE_STANDARD = gnu11;
				GCC_NO_COMMON_BLOCKS = YES;
				GCC_WARN_64_TO_32_BIT_CONVERSION = YES;
				GCC_WARN_ABOUT_RETURN_TYPE = YES_ERROR;
				GCC_WARN_UNDECLARED_SELECTOR = YES;
				GCC_WARN_UNINITIALIZED_AUTOS = YES_AGGRESSIVE;
				GCC_WARN_UNUSED_FUNCTION = YES;
				GCC_WARN_UNUSED_VARIABLE = YES;
				IPHONEOS_DEPLOYMENT_TARGET = 11.0;
				MTL_ENABLE_DEBUG_INFO = NO;
				MTL_FAST_MATH = YES;
				SDKROOT = iphoneos;
				SWIFT_COMPILATION_MODE = wholemodule;
				SWIFT_OPTIMIZATION_LEVEL = "-O";
				VALIDATE_PRODUCT = YES;
			};
			name = ReleaseBeta;
		};
		C05FC1762280637100721F3F /* ReleaseBeta */ = {
			isa = XCBuildConfiguration;
			baseConfigurationReference = BA84B74F66D3BAD5F55D799D /* Pods-Rush.releasebeta.xcconfig */;
			buildSettings = {
				ASSETCATALOG_COMPILER_APPICON_NAME = AppIcon;
				BUGSEE_ENABLE = YES;
				BUGSEE_KEY = "5963138a-d56f-44c2-a2ca-dbb6ddcf0bf7";
				CODE_SIGN_STYLE = Automatic;
				DEVELOPMENT_TEAM = 22K8FCRMWT;
				INFOPLIST_FILE = Rush/Info.plist;
				IPHONEOS_DEPLOYMENT_TARGET = 11.0;
				LD_RUNPATH_SEARCH_PATHS = (
					"$(inherited)",
					"@executable_path/Frameworks",
				);
				PRODUCT_BUNDLE_IDENTIFIER = com.messapps.testing.Rush;
				PRODUCT_NAME = "$(TARGET_NAME)";
				SWIFT_VERSION = 4.2;
				TARGETED_DEVICE_FAMILY = 1;
			};
			name = ReleaseBeta;
		};
/* End XCBuildConfiguration section */

/* Begin XCConfigurationList section */
		C05FC14422805F3D00721F3F /* Build configuration list for PBXProject "Rush" */ = {
			isa = XCConfigurationList;
			buildConfigurations = (
				C05FC15922805F3E00721F3F /* Debug */,
				C05FC15A22805F3E00721F3F /* Release */,
				C05FC1752280637100721F3F /* ReleaseBeta */,
			);
			defaultConfigurationIsVisible = 0;
			defaultConfigurationName = ReleaseBeta;
		};
		C05FC15B22805F3E00721F3F /* Build configuration list for PBXNativeTarget "Rush" */ = {
			isa = XCConfigurationList;
			buildConfigurations = (
				C05FC15C22805F3E00721F3F /* Debug */,
				C05FC15D22805F3E00721F3F /* Release */,
				C05FC1762280637100721F3F /* ReleaseBeta */,
			);
			defaultConfigurationIsVisible = 0;
			defaultConfigurationName = ReleaseBeta;
		};
/* End XCConfigurationList section */
	};
	rootObject = C05FC14122805F3D00721F3F /* Project object */;
}
